
Microsoft Visual Studio Solution File, Format Version 12.00
# Visual Studio Version 17
VisualStudioVersion = 17.1.32421.90
MinimumVisualStudioVersion = 10.0.40219.1
Project("{FAE04EC0-301F-11D3-BF4B-00C04F79EFBC}") = "ForLoopLab", "ForLoopLab\ForLoopLab.csproj", "{3CE715BC-84B7-4EDD-BBE1-5FD1A52203D8}"
EndProject
Global
	GlobalSection(SolutionConfigurationPlatforms) = preSolution
		Debug|Any CPU = Debug|Any CPU
		Release|Any CPU = Release|Any CPU
	EndGlobalSection
	GlobalSection(ProjectConfigurationPlatforms) = postSolution
		{3CE715BC-84B7-4EDD-BBE1-5FD1A52203D8}.Debug|Any CPU.ActiveCfg = Debug|Any CPU
		{3CE715BC-84B7-4EDD-BBE1-5FD1A52203D8}.Debug|Any CPU.Build.0 = Debug|Any CPU
		{3CE715BC-84B7-4EDD-BBE1-5FD1A52203D8}.Release|Any CPU.ActiveCfg = Release|Any CPU
		{3CE715BC-84B7-4EDD-BBE1-5FD1A52203D8}.Release|Any CPU.Build.0 = Release|Any CPU
	EndGlobalSection
	GlobalSection(SolutionProperties) = preSolution
		HideSolutionNode = FALSE
	EndGlobalSection
	GlobalSection(ExtensibilityGlobals) = postSolution
		SolutionGuid = {CAB00BF5-42AB-4F9C-AAA2-E51906300E85}
	EndGlobalSection
EndGlobal
